
Microsoft Visual Studio Solution File, Format Version 12.00
# Visual Studio Version 16
VisualStudioVersion = 16.0.31424.327
MinimumVisualStudioVersion = 10.0.40219.1
Project("{9A19103F-16F7-4668-BE54-9A1E7A4F7556}") = "Interview", "Interview\Interview.csproj", "{2578B6B6-0A0D-44DE-8189-7B4E857C4E6F}"
EndProject
Project("{9A19103F-16F7-4668-BE54-9A1E7A4F7556}") = "Api", "Api\Api.csproj", "{6770D438-41C6-491A-88B2-BD761D68E431}"
EndProject
Project("{9A19103F-16F7-4668-BE54-9A1E7A4F7556}") = "Shared", "Shared\Shared.csproj", "{F2D13BC7-763D-4BC1-B203-E0BD70490786}"
EndProject
Project("{9A19103F-16F7-4668-BE54-9A1E7A4F7556}") = "Data", "Data\Data.csproj", "{68B67CCE-C786-4ADB-A0E9-0CD1EE1E63EB}"
EndProject
Project("{9A19103F-16F7-4668-BE54-9A1E7A4F7556}") = "Interview.Api.Tests", "Interview.Api.Tests\Interview.Api.Tests.csproj", "{E4563E8A-E538-41C0-8C20-7EA186CB85F3}"
EndProject
Global
	GlobalSection(SolutionConfigurationPlatforms) = preSolution
		Debug|Any CPU = Debug|Any CPU
		Release|Any CPU = Release|Any CPU
	EndGlobalSection
	GlobalSection(ProjectConfigurationPlatforms) = postSolution
		{2578B6B6-0A0D-44DE-8189-7B4E857C4E6F}.Debug|Any CPU.ActiveCfg = Debug|Any CPU
		{2578B6B6-0A0D-44DE-8189-7B4E857C4E6F}.Debug|Any CPU.Build.0 = Debug|Any CPU
		{2578B6B6-0A0D-44DE-8189-7B4E857C4E6F}.Release|Any CPU.ActiveCfg = Release|Any CPU
		{2578B6B6-0A0D-44DE-8189-7B4E857C4E6F}.Release|Any CPU.Build.0 = Release|Any CPU
		{6770D438-41C6-491A-88B2-BD761D68E431}.Debug|Any CPU.ActiveCfg = Debug|Any CPU
		{6770D438-41C6-491A-88B2-BD761D68E431}.Debug|Any CPU.Build.0 = Debug|Any CPU
		{6770D438-41C6-491A-88B2-BD761D68E431}.Release|Any CPU.ActiveCfg = Release|Any CPU
		{6770D438-41C6-491A-88B2-BD761D68E431}.Release|Any CPU.Build.0 = Release|Any CPU
		{F2D13BC7-763D-4BC1-B203-E0BD70490786}.Debug|Any CPU.ActiveCfg = Debug|Any CPU
		{F2D13BC7-763D-4BC1-B203-E0BD70490786}.Debug|Any CPU.Build.0 = Debug|Any CPU
		{F2D13BC7-763D-4BC1-B203-E0BD70490786}.Release|Any CPU.ActiveCfg = Release|Any CPU
		{F2D13BC7-763D-4BC1-B203-E0BD70490786}.Release|Any CPU.Build.0 = Release|Any CPU
		{68B67CCE-C786-4ADB-A0E9-0CD1EE1E63EB}.Debug|Any CPU.ActiveCfg = Debug|Any CPU
		{68B67CCE-C786-4ADB-A0E9-0CD1EE1E63EB}.Debug|Any CPU.Build.0 = Debug|Any CPU
		{68B67CCE-C786-4ADB-A0E9-0CD1EE1E63EB}.Release|Any CPU.ActiveCfg = Release|Any CPU
		{68B67CCE-C786-4ADB-A0E9-0CD1EE1E63EB}.Release|Any CPU.Build.0 = Release|Any CPU
		{E4563E8A-E538-41C0-8C20-7EA186CB85F3}.Debug|Any CPU.ActiveCfg = Debug|Any CPU
		{E4563E8A-E538-41C0-8C20-7EA186CB85F3}.Debug|Any CPU.Build.0 = Debug|Any CPU
		{E4563E8A-E538-41C0-8C20-7EA186CB85F3}.Release|Any CPU.ActiveCfg = Release|Any CPU
		{E4563E8A-E538-41C0-8C20-7EA186CB85F3}.Release|Any CPU.Build.0 = Release|Any CPU
	EndGlobalSection
	GlobalSection(SolutionProperties) = preSolution
		HideSolutionNode = FALSE
	EndGlobalSection
	GlobalSection(ExtensibilityGlobals) = postSolution
		SolutionGuid = {22745C54-160C-4F8B-ABF8-AB46BE531DB9}
	EndGlobalSection
EndGlobal
